
Microsoft Visual Studio Solution File, Format Version 12.00
# Visual Studio Version 16
VisualStudioVersion = 16.0.32228.343
MinimumVisualStudioVersion = 10.0.40219.1
Project("{FAE04EC0-301F-11D3-BF4B-00C04F79EFBC}") = "SquareCalc", "SquareCalc\SquareCalc.csproj", "{E01DCF3B-0E6A-46DD-82A3-5F8189D1C3C0}"
EndProject
Project("{FAE04EC0-301F-11D3-BF4B-00C04F79EFBC}") = "UTSquare", "UTSquare\UTSquare.csproj", "{8863A750-4155-4889-B9E5-E4E58E334560}"
EndProject
Global
	GlobalSection(SolutionConfigurationPlatforms) = preSolution
		Debug|Any CPU = Debug|Any CPU
		Release|Any CPU = Release|Any CPU
	EndGlobalSection
	GlobalSection(ProjectConfigurationPlatforms) = postSolution
		{E01DCF3B-0E6A-46DD-82A3-5F8189D1C3C0}.Debug|Any CPU.ActiveCfg = Debug|Any CPU
		{E01DCF3B-0E6A-46DD-82A3-5F8189D1C3C0}.Debug|Any CPU.Build.0 = Debug|Any CPU
		{E01DCF3B-0E6A-46DD-82A3-5F8189D1C3C0}.Release|Any CPU.ActiveCfg = Release|Any CPU
		{E01DCF3B-0E6A-46DD-82A3-5F8189D1C3C0}.Release|Any CPU.Build.0 = Release|Any CPU
		{8863A750-4155-4889-B9E5-E4E58E334560}.Debug|Any CPU.ActiveCfg = Debug|Any CPU
		{8863A750-4155-4889-B9E5-E4E58E334560}.Debug|Any CPU.Build.0 = Debug|Any CPU
		{8863A750-4155-4889-B9E5-E4E58E334560}.Release|Any CPU.ActiveCfg = Release|Any CPU
		{8863A750-4155-4889-B9E5-E4E58E334560}.Release|Any CPU.Build.0 = Release|Any CPU
	EndGlobalSection
	GlobalSection(SolutionProperties) = preSolution
		HideSolutionNode = FALSE
	EndGlobalSection
	GlobalSection(ExtensibilityGlobals) = postSolution
		SolutionGuid = {260E07D9-13C9-4487-BACF-64612531FAAD}
	EndGlobalSection
EndGlobal
